
Microsoft Visual Studio Solution File, Format Version 12.00
# Visual Studio Version 17
VisualStudioVersion = 17.10.34928.147
MinimumVisualStudioVersion = 10.0.40219.1
Project("{FAE04EC0-301F-11D3-BF4B-00C04F79EFBC}") = "DataBinding10195594", "DataBinding10195594\DataBinding10195594.csproj", "{4322D974-3157-4D39-B6A7-D651D6162836}"
EndProject
Global
	GlobalSection(SolutionConfigurationPlatforms) = preSolution
		Debug|Any CPU = Debug|Any CPU
		Release|Any CPU = Release|Any CPU
	EndGlobalSection
	GlobalSection(ProjectConfigurationPlatforms) = postSolution
		{4322D974-3157-4D39-B6A7-D651D6162836}.Debug|Any CPU.ActiveCfg = Debug|Any CPU
		{4322D974-3157-4D39-B6A7-D651D6162836}.Debug|Any CPU.Build.0 = Debug|Any CPU
		{4322D974-3157-4D39-B6A7-D651D6162836}.Debug|Any CPU.Deploy.0 = Debug|Any CPU
		{4322D974-3157-4D39-B6A7-D651D6162836}.Release|Any CPU.ActiveCfg = Release|Any CPU
		{4322D974-3157-4D39-B6A7-D651D6162836}.Release|Any CPU.Build.0 = Release|Any CPU
		{4322D974-3157-4D39-B6A7-D651D6162836}.Release|Any CPU.Deploy.0 = Release|Any CPU
	EndGlobalSection
	GlobalSection(SolutionProperties) = preSolution
		HideSolutionNode = FALSE
	EndGlobalSection
	GlobalSection(ExtensibilityGlobals) = postSolution
		SolutionGuid = {EC4C4ECF-D23C-4828-9159-32219E325A46}
	EndGlobalSection
EndGlobal
